# THIS IS AN AUTOGENERATED FILE. DO NOT EDIT THIS FILE DIRECTLY.
# yarn lockfile v1


bun-types@^0.1.0:
  version "0.1.11"
  resolved "https://registry.yarnpkg.com/bun-types/-/bun-types-0.1.11.tgz#cc34bf6c9fe3ade6569a18fdc2e442e80ad912e7"
  integrity sha512-a5G9LZtF5qBsDMjGnS5FfTvIeg1bS0PzI3Q2LqShEjJWdhZTB56xO8ewqZ83J+3my5rW/PPPWT/udAofRQ3zdg==

eviate-plugin@^0.1.0-alpha.11:
  version "0.1.0-alpha.12"
  resolved "https://registry.yarnpkg.com/eviate-plugin/-/eviate-plugin-0.1.0-alpha.12.tgz#5ad86820a193d47b6e7c06c64e00d4c4cb4fc42e"
  integrity sha512-E3Ho0PkDC/ZtxT9z7WkQb6z/6nas5eerLYa+ImUwv6K5CCgWDJoVICKj2LPYTm7a4jMTTtlNKgJFmBWuiVfGyQ==
  dependencies:
    eviate "^0.1.0-alpha.11"

eviate-plugin@^0.1.0-alpha.13:
  version "0.1.0-alpha.13"
  resolved "https://registry.yarnpkg.com/eviate-plugin/-/eviate-plugin-0.1.0-alpha.13.tgz#e0a2c4bbddbbb75adee3e0a3b6b9fb1e323bc7bf"
  integrity sha512-2nJP6+GF7USy4GeMhT1937fLzAw9iwMryTHbVKkixOTlfkhUPQtP7JgC30Kt6mtYaFA8++HrxJfErmRPKmMB7w==
  dependencies:
    eviate "^0.1.0-alpha.11"

eviate@^0.1.0-alpha.11, eviate@^0.1.0-alpha.12:
  version "0.1.0-alpha.12"
  resolved "https://registry.yarnpkg.com/eviate/-/eviate-0.1.0-alpha.12.tgz#a938f01a3a27ed55be2fa924f57b56e2aa03fde0"
  integrity sha512-07J6emYFcDsls4iMsC3Pq8SnX8LVh8nF2p5Smq7FMAlHIvU/XNsfATes7VTQMFkxIprxOr926+gDmG3J7isSXQ==
  dependencies:
    eviate-plugin "^0.1.0-alpha.11"
    picocolors "^1.0.0"
    ws "^8.9.0"

picocolors@^1.0.0:
  version "1.0.0"
  resolved "https://registry.yarnpkg.com/picocolors/-/picocolors-1.0.0.tgz#cb5bdc74ff3f51892236eaf79d68bc44564ab81c"
  integrity sha512-1fygroTLlHu66zi26VoTDv8yRgm0Fccecssto+MhsZ0D/DGW2sm8E8AjW7NU5VVTRt5GxbeZ5qBuJr+HyLYkjQ==

typescript@^4.8.3:
  version "4.8.3"
  resolved "https://registry.yarnpkg.com/typescript/-/typescript-4.8.3.tgz#d59344522c4bc464a65a730ac695007fdb66dd88"
  integrity sha512-goMHfm00nWPa8UvR/CPSvykqf6dVV8x/dp0c5mFTMTIu0u0FlGWRioyy7Nn0PGAdHxpJZnuO/ut+PpQ8UiHAig==

ws@^8.9.0:
  version "8.9.0"
  resolved "https://registry.yarnpkg.com/ws/-/ws-8.9.0.tgz#2a994bb67144be1b53fe2d23c53c028adeb7f45e"
  integrity sha512-Ja7nszREasGaYUYCI2k4lCKIRTt+y7XuqVoHR44YpI49TtryyqbqvDMn5eqfW7e6HzTukDRIsXqzVHScqRcafg==
